
Microsoft Visual Studio Solution File, Format Version 12.00
# Visual Studio Version 16
VisualStudioVersion = 16.0.29609.76
MinimumVisualStudioVersion = 10.0.40219.1
Project("{FAE04EC0-301F-11D3-BF4B-00C04F79EFBC}") = "MVCAuthenticationTekrar", "MVCAuthenticationTekrar\MVCAuthenticationTekrar.csproj", "{0DC91FC6-0746-45DF-87A1-FD6398E5E6AF}"
EndProject
Global
	GlobalSection(SolutionConfigurationPlatforms) = preSolution
		Debug|Any CPU = Debug|Any CPU
		Release|Any CPU = Release|Any CPU
	EndGlobalSection
	GlobalSection(ProjectConfigurationPlatforms) = postSolution
		{0DC91FC6-0746-45DF-87A1-FD6398E5E6AF}.Debug|Any CPU.ActiveCfg = Debug|Any CPU
		{0DC91FC6-0746-45DF-87A1-FD6398E5E6AF}.Debug|Any CPU.Build.0 = Debug|Any CPU
		{0DC91FC6-0746-45DF-87A1-FD6398E5E6AF}.Release|Any CPU.ActiveCfg = Release|Any CPU
		{0DC91FC6-0746-45DF-87A1-FD6398E5E6AF}.Release|Any CPU.Build.0 = Release|Any CPU
	EndGlobalSection
	GlobalSection(SolutionProperties) = preSolution
		HideSolutionNode = FALSE
	EndGlobalSection
	GlobalSection(ExtensibilityGlobals) = postSolution
		SolutionGuid = {0F003743-D4B9-4183-9DCA-0874823B2AE6}
	EndGlobalSection
EndGlobal
